
Microsoft Visual Studio Solution File, Format Version 12.00
# Visual Studio Version 16
VisualStudioVersion = 16.0.31729.503
MinimumVisualStudioVersion = 10.0.40219.1
Project("{2150E333-8FDC-42A3-9474-1A3956D46DE8}") = "Services", "Services", "{EB96A47B-894C-4BAF-B649-57B6CBB55AC5}"
EndProject
Project("{2150E333-8FDC-42A3-9474-1A3956D46DE8}") = "Catalog", "Catalog", "{1348EF45-7C3D-405B-ABC5-8F2416263FE0}"
EndProject
Project("{9A19103F-16F7-4668-BE54-9A1E7A4F7556}") = "Catalog.API", "Services\Catalog\Catalog.API\Catalog.API.csproj", "{1D259A55-9C73-4F6C-A298-AEAD9C706E4B}"
EndProject
Project("{E53339B2-1760-4266-BCC7-CA923CBCF16C}") = "docker-compose", "docker-compose.dcproj", "{4CFCC487-93AA-4B8A-A8FD-64C9ECFD75C5}"
EndProject
Project("{2150E333-8FDC-42A3-9474-1A3956D46DE8}") = "Basket", "Basket", "{B453580B-5E61-4206-A704-9E061EBF4476}"
EndProject
Project("{9A19103F-16F7-4668-BE54-9A1E7A4F7556}") = "Basket.API", "Services\Basket\Basket.API\Basket.API.csproj", "{C3DF814E-FEB2-4E51-80CB-9E5AF5DBB84C}"
EndProject
Project("{2150E333-8FDC-42A3-9474-1A3956D46DE8}") = "Discount", "Discount", "{E507B989-79BF-4469-9C02-1435C9379ACB}"
EndProject
Project("{9A19103F-16F7-4668-BE54-9A1E7A4F7556}") = "Discount.API", "Services\Discount\Discount.API\Discount.API.csproj", "{B13EA97F-37C0-4020-865A-85AE93AC7400}"
EndProject
Project("{9A19103F-16F7-4668-BE54-9A1E7A4F7556}") = "Discount.Grpc", "Services\Discount\Discount.Grpc\Discount.Grpc.csproj", "{16545ACB-9F51-4DA2-BCF4-52C585512B1F}"
EndProject
Project("{2150E333-8FDC-42A3-9474-1A3956D46DE8}") = "Ordering", "Ordering", "{46263E55-B5AB-453D-830D-0255EBAD777B}"
EndProject
Project("{9A19103F-16F7-4668-BE54-9A1E7A4F7556}") = "Ordering.API", "Services\Ordering\Ordering.API\Ordering.API.csproj", "{B4E9B857-7DDF-48E6-95B0-AB3F292274A5}"
EndProject
Project("{9A19103F-16F7-4668-BE54-9A1E7A4F7556}") = "Ordering.Domain", "Services\Ordering\Ordering.Domain\Ordering.Domain.csproj", "{503308C4-CAEF-4C60-9705-E416540169AD}"
EndProject
Project("{9A19103F-16F7-4668-BE54-9A1E7A4F7556}") = "Ordering.Application", "Services\Ordering\Ordering.Application\Ordering.Application.csproj", "{D866E5CB-C781-4E23-A5D2-A9967C089BF5}"
EndProject
Project("{9A19103F-16F7-4668-BE54-9A1E7A4F7556}") = "Ordering.Infrastructure", "Services\Ordering\Ordering.Infrastructure\Ordering.Infrastructure.csproj", "{DD5E1F45-F15C-447F-A77D-48E49E5C9E9C}"
EndProject
Project("{2150E333-8FDC-42A3-9474-1A3956D46DE8}") = "BuildingBlocks", "BuildingBlocks", "{35B2AC19-073D-4552-BE95-01EC9922F671}"
EndProject
Project("{9A19103F-16F7-4668-BE54-9A1E7A4F7556}") = "EventBus.Messages", "BuildingBlocks\EventBus.Messages\EventBus.Messages.csproj", "{77841ED6-CC68-4C62-AC6C-0F978C5715DD}"
EndProject
Project("{2150E333-8FDC-42A3-9474-1A3956D46DE8}") = "ApiGateways", "ApiGateways", "{9A5E6D84-35CA-4E33-9B79-B4562AE6EBF8}"
EndProject
Project("{9A19103F-16F7-4668-BE54-9A1E7A4F7556}") = "OcelotAPIGw", "ApiGateways\OcelotAPIGw\OcelotAPIGw.csproj", "{C558D0F3-3705-4C17-A421-6FAF2CBFE535}"
EndProject
Project("{9A19103F-16F7-4668-BE54-9A1E7A4F7556}") = "Shopping.Aggregator", "ApiGateways\Shopping.Aggregator\Shopping.Aggregator.csproj", "{BA76E577-7BEC-47ED-8BF5-2745014EA83E}"
EndProject
Project("{2150E333-8FDC-42A3-9474-1A3956D46DE8}") = "WebApps", "WebApps", "{069065F1-8D07-47F9-9458-2CB95F0363ED}"
EndProject
Project("{9A19103F-16F7-4668-BE54-9A1E7A4F7556}") = "AspnetRunBasics", "WebApps\AspnetRunBasics\AspnetRunBasics.csproj", "{9A6BFE93-7F0A-4EB7-B2CA-5E893A3B68E8}"
EndProject
Project("{FAE04EC0-301F-11D3-BF4B-00C04F79EFBC}") = "Common.Logging", "BuildingBlocks\Common.Logging\Common.Logging.csproj", "{5DB4EF7A-3C0B-4424-848F-5298D8FFF477}"
EndProject
Global
	GlobalSection(SolutionConfigurationPlatforms) = preSolution
		Debug|Any CPU = Debug|Any CPU
		Release|Any CPU = Release|Any CPU
	EndGlobalSection
	GlobalSection(ProjectConfigurationPlatforms) = postSolution
		{1D259A55-9C73-4F6C-A298-AEAD9C706E4B}.Debug|Any CPU.ActiveCfg = Debug|Any CPU
		{1D259A55-9C73-4F6C-A298-AEAD9C706E4B}.Debug|Any CPU.Build.0 = Debug|Any CPU
		{1D259A55-9C73-4F6C-A298-AEAD9C706E4B}.Release|Any CPU.ActiveCfg = Release|Any CPU
		{1D259A55-9C73-4F6C-A298-AEAD9C706E4B}.Release|Any CPU.Build.0 = Release|Any CPU
		{4CFCC487-93AA-4B8A-A8FD-64C9ECFD75C5}.Debug|Any CPU.ActiveCfg = Debug|Any CPU
		{4CFCC487-93AA-4B8A-A8FD-64C9ECFD75C5}.Debug|Any CPU.Build.0 = Debug|Any CPU
		{4CFCC487-93AA-4B8A-A8FD-64C9ECFD75C5}.Release|Any CPU.ActiveCfg = Release|Any CPU
		{4CFCC487-93AA-4B8A-A8FD-64C9ECFD75C5}.Release|Any CPU.Build.0 = Release|Any CPU
		{C3DF814E-FEB2-4E51-80CB-9E5AF5DBB84C}.Debug|Any CPU.ActiveCfg = Debug|Any CPU
		{C3DF814E-FEB2-4E51-80CB-9E5AF5DBB84C}.Debug|Any CPU.Build.0 = Debug|Any CPU
		{C3DF814E-FEB2-4E51-80CB-9E5AF5DBB84C}.Release|Any CPU.ActiveCfg = Release|Any CPU
		{C3DF814E-FEB2-4E51-80CB-9E5AF5DBB84C}.Release|Any CPU.Build.0 = Release|Any CPU
		{B13EA97F-37C0-4020-865A-85AE93AC7400}.Debug|Any CPU.ActiveCfg = Debug|Any CPU
		{B13EA97F-37C0-4020-865A-85AE93AC7400}.Debug|Any CPU.Build.0 = Debug|Any CPU
		{B13EA97F-37C0-4020-865A-85AE93AC7400}.Release|Any CPU.ActiveCfg = Release|Any CPU
		{B13EA97F-37C0-4020-865A-85AE93AC7400}.Release|Any CPU.Build.0 = Release|Any CPU
		{16545ACB-9F51-4DA2-BCF4-52C585512B1F}.Debug|Any CPU.ActiveCfg = Debug|Any CPU
		{16545ACB-9F51-4DA2-BCF4-52C585512B1F}.Debug|Any CPU.Build.0 = Debug|Any CPU
		{16545ACB-9F51-4DA2-BCF4-52C585512B1F}.Release|Any CPU.ActiveCfg = Release|Any CPU
		{16545ACB-9F51-4DA2-BCF4-52C585512B1F}.Release|Any CPU.Build.0 = Release|Any CPU
		{B4E9B857-7DDF-48E6-95B0-AB3F292274A5}.Debug|Any CPU.ActiveCfg = Debug|Any CPU
		{B4E9B857-7DDF-48E6-95B0-AB3F292274A5}.Debug|Any CPU.Build.0 = Debug|Any CPU
		{B4E9B857-7DDF-48E6-95B0-AB3F292274A5}.Release|Any CPU.ActiveCfg = Release|Any CPU
		{B4E9B857-7DDF-48E6-95B0-AB3F292274A5}.Release|Any CPU.Build.0 = Release|Any CPU
		{503308C4-CAEF-4C60-9705-E416540169AD}.Debug|Any CPU.ActiveCfg = Debug|Any CPU
		{503308C4-CAEF-4C60-9705-E416540169AD}.Debug|Any CPU.Build.0 = Debug|Any CPU
		{503308C4-CAEF-4C60-9705-E416540169AD}.Release|Any CPU.ActiveCfg = Release|Any CPU
		{503308C4-CAEF-4C60-9705-E416540169AD}.Release|Any CPU.Build.0 = Release|Any CPU
		{D866E5CB-C781-4E23-A5D2-A9967C089BF5}.Debug|Any CPU.ActiveCfg = Debug|Any CPU
		{D866E5CB-C781-4E23-A5D2-A9967C089BF5}.Debug|Any CPU.Build.0 = Debug|Any CPU
		{D866E5CB-C781-4E23-A5D2-A9967C089BF5}.Release|Any CPU.ActiveCfg = Release|Any CPU
		{D866E5CB-C781-4E23-A5D2-A9967C089BF5}.Release|Any CPU.Build.0 = Release|Any CPU
		{DD5E1F45-F15C-447F-A77D-48E49E5C9E9C}.Debug|Any CPU.ActiveCfg = Debug|Any CPU
		{DD5E1F45-F15C-447F-A77D-48E49E5C9E9C}.Debug|Any CPU.Build.0 = Debug|Any CPU
		{DD5E1F45-F15C-447F-A77D-48E49E5C9E9C}.Release|Any CPU.ActiveCfg = Release|Any CPU
		{DD5E1F45-F15C-447F-A77D-48E49E5C9E9C}.Release|Any CPU.Build.0 = Release|Any CPU
		{77841ED6-CC68-4C62-AC6C-0F978C5715DD}.Debug|Any CPU.ActiveCfg = Debug|Any CPU
		{77841ED6-CC68-4C62-AC6C-0F978C5715DD}.Debug|Any CPU.Build.0 = Debug|Any CPU
		{77841ED6-CC68-4C62-AC6C-0F978C5715DD}.Release|Any CPU.ActiveCfg = Release|Any CPU
		{77841ED6-CC68-4C62-AC6C-0F978C5715DD}.Release|Any CPU.Build.0 = Release|Any CPU
		{C558D0F3-3705-4C17-A421-6FAF2CBFE535}.Debug|Any CPU.ActiveCfg = Debug|Any CPU
		{C558D0F3-3705-4C17-A421-6FAF2CBFE535}.Debug|Any CPU.Build.0 = Debug|Any CPU
		{C558D0F3-3705-4C17-A421-6FAF2CBFE535}.Release|Any CPU.ActiveCfg = Release|Any CPU
		{C558D0F3-3705-4C17-A421-6FAF2CBFE535}.Release|Any CPU.Build.0 = Release|Any CPU
		{BA76E577-7BEC-47ED-8BF5-2745014EA83E}.Debug|Any CPU.ActiveCfg = Debug|Any CPU
		{BA76E577-7BEC-47ED-8BF5-2745014EA83E}.Debug|Any CPU.Build.0 = Debug|Any CPU
		{BA76E577-7BEC-47ED-8BF5-2745014EA83E}.Release|Any CPU.ActiveCfg = Release|Any CPU
		{BA76E577-7BEC-47ED-8BF5-2745014EA83E}.Release|Any CPU.Build.0 = Release|Any CPU
		{9A6BFE93-7F0A-4EB7-B2CA-5E893A3B68E8}.Debug|Any CPU.ActiveCfg = Debug|Any CPU
		{9A6BFE93-7F0A-4EB7-B2CA-5E893A3B68E8}.Debug|Any CPU.Build.0 = Debug|Any CPU
		{9A6BFE93-7F0A-4EB7-B2CA-5E893A3B68E8}.Release|Any CPU.ActiveCfg = Release|Any CPU
		{9A6BFE93-7F0A-4EB7-B2CA-5E893A3B68E8}.Release|Any CPU.Build.0 = Release|Any CPU
		{5DB4EF7A-3C0B-4424-848F-5298D8FFF477}.Debug|Any CPU.ActiveCfg = Debug|Any CPU
		{5DB4EF7A-3C0B-4424-848F-5298D8FFF477}.Debug|Any CPU.Build.0 = Debug|Any CPU
		{5DB4EF7A-3C0B-4424-848F-5298D8FFF477}.Release|Any CPU.ActiveCfg = Release|Any CPU
		{5DB4EF7A-3C0B-4424-848F-5298D8FFF477}.Release|Any CPU.Build.0 = Release|Any CPU
	EndGlobalSection
	GlobalSection(SolutionProperties) = preSolution
		HideSolutionNode = FALSE
	EndGlobalSection
	GlobalSection(NestedProjects) = preSolution
		{1348EF45-7C3D-405B-ABC5-8F2416263FE0} = {EB96A47B-894C-4BAF-B649-57B6CBB55AC5}
		{1D259A55-9C73-4F6C-A298-AEAD9C706E4B} = {1348EF45-7C3D-405B-ABC5-8F2416263FE0}
		{B453580B-5E61-4206-A704-9E061EBF4476} = {EB96A47B-894C-4BAF-B649-57B6CBB55AC5}
		{C3DF814E-FEB2-4E51-80CB-9E5AF5DBB84C} = {B453580B-5E61-4206-A704-9E061EBF4476}
		{E507B989-79BF-4469-9C02-1435C9379ACB} = {EB96A47B-894C-4BAF-B649-57B6CBB55AC5}
		{B13EA97F-37C0-4020-865A-85AE93AC7400} = {E507B989-79BF-4469-9C02-1435C9379ACB}
		{16545ACB-9F51-4DA2-BCF4-52C585512B1F} = {E507B989-79BF-4469-9C02-1435C9379ACB}
		{46263E55-B5AB-453D-830D-0255EBAD777B} = {EB96A47B-894C-4BAF-B649-57B6CBB55AC5}
		{B4E9B857-7DDF-48E6-95B0-AB3F292274A5} = {46263E55-B5AB-453D-830D-0255EBAD777B}
		{503308C4-CAEF-4C60-9705-E416540169AD} = {46263E55-B5AB-453D-830D-0255EBAD777B}
		{D866E5CB-C781-4E23-A5D2-A9967C089BF5} = {46263E55-B5AB-453D-830D-0255EBAD777B}
		{DD5E1F45-F15C-447F-A77D-48E49E5C9E9C} = {46263E55-B5AB-453D-830D-0255EBAD777B}
		{77841ED6-CC68-4C62-AC6C-0F978C5715DD} = {35B2AC19-073D-4552-BE95-01EC9922F671}
		{C558D0F3-3705-4C17-A421-6FAF2CBFE535} = {9A5E6D84-35CA-4E33-9B79-B4562AE6EBF8}
		{BA76E577-7BEC-47ED-8BF5-2745014EA83E} = {9A5E6D84-35CA-4E33-9B79-B4562AE6EBF8}
		{9A6BFE93-7F0A-4EB7-B2CA-5E893A3B68E8} = {069065F1-8D07-47F9-9458-2CB95F0363ED}
		{5DB4EF7A-3C0B-4424-848F-5298D8FFF477} = {35B2AC19-073D-4552-BE95-01EC9922F671}
	EndGlobalSection
	GlobalSection(ExtensibilityGlobals) = postSolution
		SolutionGuid = {C99D0BC8-C1D4-4C4A-BF2F-AEC357A3748E}
	EndGlobalSection
EndGlobal
