
Microsoft Visual Studio Solution File, Format Version 12.00
# Visual Studio Version 16
VisualStudioVersion = 16.0.31729.503
MinimumVisualStudioVersion = 10.0.40219.1
Project("{2150E333-8FDC-42A3-9474-1A3956D46DE8}") = "Services", "Services", "{EB96A47B-894C-4BAF-B649-57B6CBB55AC5}"
EndProject
Project("{2150E333-8FDC-42A3-9474-1A3956D46DE8}") = "Catalog", "Catalog", "{1348EF45-7C3D-405B-ABC5-8F2416263FE0}"
EndProject
Project("{9A19103F-16F7-4668-BE54-9A1E7A4F7556}") = "Catalog.API", "Services\Catalog\Catalog.API\Catalog.API.csproj", "{1D259A55-9C73-4F6C-A298-AEAD9C706E4B}"
EndProject
Project("{E53339B2-1760-4266-BCC7-CA923CBCF16C}") = "docker-compose", "docker-compose.dcproj", "{4CFCC487-93AA-4B8A-A8FD-64C9ECFD75C5}"
EndProject
Global
	GlobalSection(SolutionConfigurationPlatforms) = preSolution
		Debug|Any CPU = Debug|Any CPU
		Release|Any CPU = Release|Any CPU
	EndGlobalSection
	GlobalSection(ProjectConfigurationPlatforms) = postSolution
		{1D259A55-9C73-4F6C-A298-AEAD9C706E4B}.Debug|Any CPU.ActiveCfg = Debug|Any CPU
		{1D259A55-9C73-4F6C-A298-AEAD9C706E4B}.Debug|Any CPU.Build.0 = Debug|Any CPU
		{1D259A55-9C73-4F6C-A298-AEAD9C706E4B}.Release|Any CPU.ActiveCfg = Release|Any CPU
		{1D259A55-9C73-4F6C-A298-AEAD9C706E4B}.Release|Any CPU.Build.0 = Release|Any CPU
		{4CFCC487-93AA-4B8A-A8FD-64C9ECFD75C5}.Debug|Any CPU.ActiveCfg = Debug|Any CPU
		{4CFCC487-93AA-4B8A-A8FD-64C9ECFD75C5}.Debug|Any CPU.Build.0 = Debug|Any CPU
		{4CFCC487-93AA-4B8A-A8FD-64C9ECFD75C5}.Release|Any CPU.ActiveCfg = Release|Any CPU
		{4CFCC487-93AA-4B8A-A8FD-64C9ECFD75C5}.Release|Any CPU.Build.0 = Release|Any CPU
	EndGlobalSection
	GlobalSection(SolutionProperties) = preSolution
		HideSolutionNode = FALSE
	EndGlobalSection
	GlobalSection(NestedProjects) = preSolution
		{1348EF45-7C3D-405B-ABC5-8F2416263FE0} = {EB96A47B-894C-4BAF-B649-57B6CBB55AC5}
		{1D259A55-9C73-4F6C-A298-AEAD9C706E4B} = {1348EF45-7C3D-405B-ABC5-8F2416263FE0}
	EndGlobalSection
	GlobalSection(ExtensibilityGlobals) = postSolution
		SolutionGuid = {C99D0BC8-C1D4-4C4A-BF2F-AEC357A3748E}
	EndGlobalSection
EndGlobal
